// !$*UTF8*$!
{
	archiveVersion = 1;
	classes = {
	};
	objectVersion = 46;
	objects = {

/* Begin PBXBuildFile section */
		D5E1EC021E0D06F6004E7D50 /* AppDelegate.swift in Sources */ = {isa = PBXBuildFile; fileRef = D5E1EC011E0D06F6004E7D50 /* AppDelegate.swift */; };
		D5E1EC041E0D06F6004E7D50 /* ViewController.swift in Sources */ = {isa = PBXBuildFile; fileRef = D5E1EC031E0D06F6004E7D50 /* ViewController.swift */; };
		D5E1EC071E0D06F6004E7D50 /* Main.storyboard in Resources */ = {isa = PBXBuildFile; fileRef = D5E1EC051E0D06F6004E7D50 /* Main.storyboard */; };
		D5E1EC091E0D06F6004E7D50 /* Assets.xcassets in Resources */ = {isa = PBXBuildFile; fileRef = D5E1EC081E0D06F6004E7D50 /* Assets.xcassets */; };
		D5E1EC0C1E0D06F6004E7D50 /* LaunchScreen.storyboard in Resources */ = {isa = PBXBuildFile; fileRef = D5E1EC0A1E0D06F6004E7D50 /* LaunchScreen.storyboard */; };
		D5E1EC171E0D06F6004E7D50 /* TrainingTests.swift in Sources */ = {isa = PBXBuildFile; fileRef = D5E1EC161E0D06F6004E7D50 /* TrainingTests.swift */; };
		D5E1EC221E0D06F6004E7D50 /* TrainingUITests.swift in Sources */ = {isa = PBXBuildFile; fileRef = D5E1EC211E0D06F6004E7D50 /* TrainingUITests.swift */; };
/* End PBXBuildFile section */

/* Begin PBXContainerItemProxy section */
		D5E1EC131E0D06F6004E7D50 /* PBXContainerItemProxy */ = {
			isa = PBXContainerItemProxy;
			containerPortal = D5E1EBF61E0D06F6004E7D50 /* Project object */;
			proxyType = 1;
			remoteGlobalIDString = D5E1EBFD1E0D06F6004E7D50;
			remoteInfo = Training;
		};
		D5E1EC1E1E0D06F6004E7D50 /* PBXContainerItemProxy */ = {
			isa = PBXContainerItemProxy;
			containerPortal = D5E1EBF61E0D06F6004E7D50 /* Project object */;
			proxyType = 1;
			remoteGlobalIDString = D5E1EBFD1E0D06F6004E7D50;
			remoteInfo = Training;
		};
/* End PBXContainerItemProxy section */

/* Begin PBXFileReference section */
		D5E1EBFE1E0D06F6004E7D50 /* Training.app */ = {isa = PBXFileReference; explicitFileType = wrapper.application; includeInIndex = 0; path = Training.app; sourceTree = BUILT_PRODUCTS_DIR; };
		D5E1EC011E0D06F6004E7D50 /* AppDelegate.swift */ = {isa = PBXFileReference; lastKnownFileType = sourcecode.swift; path = AppDelegate.swift; sourceTree = "<group>"; };
		D5E1EC031E0D06F6004E7D50 /* ViewController.swift */ = {isa = PBXFileReference; lastKnownFileType = sourcecode.swift; path = ViewController.swift; sourceTree = "<group>"; };
		D5E1EC061E0D06F6004E7D50 /* Base */ = {isa = PBXFileReference; lastKnownFileType = file.storyboard; name = Base; path = Base.lproj/Main.storyboard; sourceTree = "<group>"; };
		D5E1EC081E0D06F6004E7D50 /* Assets.xcassets */ = {isa = PBXFileReference; lastKnownFileType = folder.assetcatalog; path = Assets.xcassets; sourceTree = "<group>"; };
		D5E1EC0B1E0D06F6004E7D50 /* Base */ = {isa = PBXFileReference; lastKnownFileType = file.storyboard; name = Base; path = Base.lproj/LaunchScreen.storyboard; sourceTree = "<group>"; };
		D5E1EC0D1E0D06F6004E7D50 /* Info.plist */ = {isa = PBXFileReference; lastKnownFileType = text.plist.xml; path = Info.plist; sourceTree = "<group>"; };
		D5E1EC121E0D06F6004E7D50 /* TrainingTests.xctest */ = {isa = PBXFileReference; explicitFileType = wrapper.cfbundle; includeInIndex = 0; path = TrainingTests.xctest; sourceTree = BUILT_PRODUCTS_DIR; };
		D5E1EC161E0D06F6004E7D50 /* TrainingTests.swift */ = {isa = PBXFileReference; lastKnownFileType = sourcecode.swift; path = TrainingTests.swift; sourceTree = "<group>"; };
		D5E1EC181E0D06F6004E7D50 /* Info.plist */ = {isa = PBXFileReference; lastKnownFileType = text.plist.xml; path = Info.plist; sourceTree = "<group>"; };
		D5E1EC1D1E0D06F6004E7D50 /* TrainingUITests.xctest */ = {isa = PBXFileReference; explicitFileType = wrapper.cfbundle; includeInIndex = 0; path = TrainingUITests.xctest; sourceTree = BUILT_PRODUCTS_DIR; };
		D5E1EC211E0D06F6004E7D50 /* TrainingUITests.swift */ = {isa = PBXFileReference; lastKnownFileType = sourcecode.swift; path = TrainingUITests.swift; sourceTree = "<group>"; };
		D5E1EC231E0D06F6004E7D50 /* Info.plist */ = {isa = PBXFileReference; lastKnownFileType = text.plist.xml; path = Info.plist; sourceTree = "<group>"; };
/* End PBXFileReference section */

/* Begin PBXFrameworksBuildPhase section */
		D5E1EBFB1E0D06F6004E7D50 /* Frameworks */ = {
			isa = PBXFrameworksBuildPhase;
			buildActionMask = 2147483647;
			files = (
			);
			runOnlyForDeploymentPostprocessing = 0;
		};
		D5E1EC0F1E0D06F6004E7D50 /* Frameworks */ = {
			isa = PBXFrameworksBuildPhase;
			buildActionMask = 2147483647;
			files = (
			);
			runOnlyForDeploymentPostprocessing = 0;
		};
		D5E1EC1A1E0D06F6004E7D50 /* Frameworks */ = {
			isa = PBXFrameworksBuildPhase;
			buildActionMask = 2147483647;
			files = (
			);
			runOnlyForDeploymentPostprocessing = 0;
		};
/* End PBXFrameworksBuildPhase section */

/* Begin PBXGroup section */
		D5E1EBF51E0D06F6004E7D50 = {
			isa = PBXGroup;
			children = (
				D5E1EC001E0D06F6004E7D50 /* Training */,
				D5E1EC151E0D06F6004E7D50 /* TrainingTests */,
				D5E1EC201E0D06F6004E7D50 /* TrainingUITests */,
				D5E1EBFF1E0D06F6004E7D50 /* Products */,
			);
			sourceTree = "<group>";
		};
		D5E1EBFF1E0D06F6004E7D50 /* Products */ = {
			isa = PBXGroup;
			children = (
				D5E1EBFE1E0D06F6004E7D50 /* Training.app */,
				D5E1EC121E0D06F6004E7D50 /* TrainingTests.xctest */,
				D5E1EC1D1E0D06F6004E7D50 /* TrainingUITests.xctest */,
			);
			name = Products;
			sourceTree = "<group>";
		};
		D5E1EC001E0D06F6004E7D50 /* Training */ = {
			isa = PBXGroup;
			children = (
				D5E1EC011E0D06F6004E7D50 /* AppDelegate.swift */,
				D5E1EC031E0D06F6004E7D50 /* ViewController.swift */,
				D5E1EC051E0D06F6004E7D50 /* Main.storyboard */,
				D5E1EC081E0D06F6004E7D50 /* Assets.xcassets */,
				D5E1EC0A1E0D06F6004E7D50 /* LaunchScreen.storyboard */,
				D5E1EC0D1E0D06F6004E7D50 /* Info.plist */,
			);
			path = Training;
			sourceTree = "<group>";
		};
		D5E1EC151E0D06F6004E7D50 /* TrainingTests */ = {
			isa = PBXGroup;
			children = (
				D5E1EC161E0D06F6004E7D50 /* TrainingTests.swift */,
				D5E1EC181E0D06F6004E7D50 /* Info.plist */,
			);
			path = TrainingTests;
			sourceTree = "<group>";
		};
		D5E1EC201E0D06F6004E7D50 /* TrainingUITests */ = {
			isa = PBXGroup;
			children = (
				D5E1EC211E0D06F6004E7D50 /* TrainingUITests.swift */,
				D5E1EC231E0D06F6004E7D50 /* Info.plist */,
			);
			path = TrainingUITests;
			sourceTree = "<group>";
		};
/* End PBXGroup section */

/* Begin PBXNativeTarget section */
		D5E1EBFD1E0D06F6004E7D50 /* Training */ = {
			isa = PBXNativeTarget;
			buildConfigurationList = D5E1EC261E0D06F6004E7D50 /* Build configuration list for PBXNativeTarget "Training" */;
			buildPhases = (
				D5E1EBFA1E0D06F6004E7D50 /* Sources */,
				D5E1EBFB1E0D06F6004E7D50 /* Frameworks */,
				D5E1EBFC1E0D06F6004E7D50 /* Resources */,
			);
			buildRules = (
			);
			dependencies = (
			);
			name = Training;
			productName = Training;
			productReference = D5E1EBFE1E0D06F6004E7D50 /* Training.app */;
			productType = "com.apple.product-type.application";
		};
		D5E1EC111E0D06F6004E7D50 /* TrainingTests */ = {
			isa = PBXNativeTarget;
			buildConfigurationList = D5E1EC291E0D06F6004E7D50 /* Build configuration list for PBXNativeTarget "TrainingTests" */;
			buildPhases = (
				D5E1EC0E1E0D06F6004E7D50 /* Sources */,
				D5E1EC0F1E0D06F6004E7D50 /* Frameworks */,
				D5E1EC101E0D06F6004E7D50 /* Resources */,
			);
			buildRules = (
			);
			dependencies = (
				D5E1EC141E0D06F6004E7D50 /* PBXTargetDependency */,
			);
			name = TrainingTests;
			productName = TrainingTests;
			productReference = D5E1EC121E0D06F6004E7D50 /* TrainingTests.xctest */;
			productType = "com.apple.product-type.bundle.unit-test";
		};
		D5E1EC1C1E0D06F6004E7D50 /* TrainingUITests */ = {
			isa = PBXNativeTarget;
			buildConfigurationList = D5E1EC2C1E0D06F6004E7D50 /* Build configuration list for PBXNativeTarget "TrainingUITests" */;
			buildPhases = (
				D5E1EC191E0D06F6004E7D50 /* Sources */,
				D5E1EC1A1E0D06F6004E7D50 /* Frameworks */,
				D5E1EC1B1E0D06F6004E7D50 /* Resources */,
			);
			buildRules = (
			);
			dependencies = (
				D5E1EC1F1E0D06F6004E7D50 /* PBXTargetDependency */,
			);
			name = TrainingUITests;
			productName = TrainingUITests;
			productReference = D5E1EC1D1E0D06F6004E7D50 /* TrainingUITests.xctest */;
			productType = "com.apple.product-type.bundle.ui-testing";
		};
/* End PBXNativeTarget section */

/* Begin PBXProject section */
		D5E1EBF61E0D06F6004E7D50 /* Project object */ = {
			isa = PBXProject;
			attributes = {
				LastSwiftUpdateCheck = 0810;
				LastUpgradeCheck = 0810;
				ORGANIZATIONNAME = PENS;
				TargetAttributes = {
					D5E1EBFD1E0D06F6004E7D50 = {
						CreatedOnToolsVersion = 8.1;
						ProvisioningStyle = Automatic;
					};
					D5E1EC111E0D06F6004E7D50 = {
						CreatedOnToolsVersion = 8.1;
						ProvisioningStyle = Automatic;
						TestTargetID = D5E1EBFD1E0D06F6004E7D50;
					};
					D5E1EC1C1E0D06F6004E7D50 = {
						CreatedOnToolsVersion = 8.1;
						ProvisioningStyle = Automatic;
						TestTargetID = D5E1EBFD1E0D06F6004E7D50;
					};
				};
			};
			buildConfigurationList = D5E1EBF91E0D06F6004E7D50 /* Build configuration list for PBXProject "Training" */;
			compatibilityVersion = "Xcode 3.2";
			developmentRegion = English;
			hasScannedForEncodings = 0;
			knownRegions = (
				en,
				Base,
			);
			mainGroup = D5E1EBF51E0D06F6004E7D50;
			productRefGroup = D5E1EBFF1E0D06F6004E7D50 /* Products */;
			projectDirPath = "";
			projectRoot = "";
			targets = (
				D5E1EBFD1E0D06F6004E7D50 /* Training */,
				D5E1EC111E0D06F6004E7D50 /* TrainingTests */,
				D5E1EC1C1E0D06F6004E7D50 /* TrainingUITests */,
			);
		};
/* End PBXProject section */

/* Begin PBXResourcesBuildPhase section */
		D5E1EBFC1E0D06F6004E7D50 /* Resources */ = {
			isa = PBXResourcesBuildPhase;
			buildActionMask = 2147483647;
			files = (
				D5E1EC0C1E0D06F6004E7D50 /* LaunchScreen.storyboard in Resources */,
				D5E1EC091E0D06F6004E7D50 /* Assets.xcassets in Resources */,
				D5E1EC071E0D06F6004E7D50 /* Main.storyboard in Resources */,
			);
			runOnlyForDeploymentPostprocessing = 0;
		};
		D5E1EC101E0D06F6004E7D50 /* Resources */ = {
			isa = PBXResourcesBuildPhase;
			buildActionMask = 2147483647;
			files = (
			);
			runOnlyForDeploymentPostprocessing = 0;
		};
		D5E1EC1B1E0D06F6004E7D50 /* Resources */ = {
			isa = PBXResourcesBuildPhase;
			buildActionMask = 2147483647;
			files = (
			);
			runOnlyForDeploymentPostprocessing = 0;
		};
/* End PBXResourcesBuildPhase section */

/* Begin PBXSourcesBuildPhase section */
		D5E1EBFA1E0D06F6004E7D50 /* Sources */ = {
			isa = PBXSourcesBuildPhase;
			buildActionMask = 2147483647;
			files = (
				D5E1EC041E0D06F6004E7D50 /* ViewController.swift in Sources */,
				D5E1EC021E0D06F6004E7D50 /* AppDelegate.swift in Sources */,
			);
			runOnlyForDeploymentPostprocessing = 0;
		};
		D5E1EC0E1E0D06F6004E7D50 /* Sources */ = {
			isa = PBXSourcesBuildPhase;
			buildActionMask = 2147483647;
			files = (
				D5E1EC171E0D06F6004E7D50 /* TrainingTests.swift in Sources */,
			);
			runOnlyForDeploymentPostprocessing = 0;
		};
		D5E1EC191E0D06F6004E7D50 /* Sources */ = {
			isa = PBXSourcesBuildPhase;
			buildActionMask = 2147483647;
			files = (
				D5E1EC221E0D06F6004E7D50 /* TrainingUITests.swift in Sources */,
			);
			runOnlyForDeploymentPostprocessing = 0;
		};
/* End PBXSourcesBuildPhase section */

/* Begin PBXTargetDependency section */
		D5E1EC141E0D06F6004E7D50 /* PBXTargetDependency */ = {
			isa = PBXTargetDependency;
			target = D5E1EBFD1E0D06F6004E7D50 /* Training */;
			targetProxy = D5E1EC131E0D06F6004E7D50 /* PBXContainerItemProxy */;
		};
		D5E1EC1F1E0D06F6004E7D50 /* PBXTargetDependency */ = {
			isa = PBXTargetDependency;
			target = D5E1EBFD1E0D06F6004E7D50 /* Training */;
			targetProxy = D5E1EC1E1E0D06F6004E7D50 /* PBXContainerItemProxy */;
		};
/* End PBXTargetDependency section */

/* Begin PBXVariantGroup section */
		D5E1EC051E0D06F6004E7D50 /* Main.storyboard */ = {
			isa = PBXVariantGroup;
			children = (
				D5E1EC061E0D06F6004E7D50 /* Base */,
			);
			name = Main.storyboard;
			sourceTree = "<group>";
		};
		D5E1EC0A1E0D06F6004E7D50 /* LaunchScreen.storyboard */ = {
			isa = PBXVariantGroup;
			children = (
				D5E1EC0B1E0D06F6004E7D50 /* Base */,
			);
			name = LaunchScreen.storyboard;
			sourceTree = "<group>";
		};
/* End PBXVariantGroup section */

/* Begin XCBuildConfiguration section */
		D5E1EC241E0D06F6004E7D50 /* Debug */ = {
			isa = XCBuildConfiguration;
			buildSettings = {
				ALWAYS_SEARCH_USER_PATHS = NO;
				CLANG_ANALYZER_NONNULL = YES;
				CLANG_CXX_LANGUAGE_STANDARD = "gnu++0x";
				CLANG_CXX_LIBRARY = "libc++";
				CLANG_ENABLE_MODULES = YES;
				CLANG_ENABLE_OBJC_ARC = YES;
				CLANG_WARN_BOOL_CONVERSION = YES;
				CLANG_WARN_CONSTANT_CONVERSION = YES;
				CLANG_WARN_DIRECT_OBJC_ISA_USAGE = YES_ERROR;
				CLANG_WARN_DOCUMENTATION_COMMENTS = YES;
				CLANG_WARN_EMPTY_BODY = YES;
				CLANG_WARN_ENUM_CONVERSION = YES;
				CLANG_WARN_INFINITE_RECURSION = YES;
				CLANG_WARN_INT_CONVERSION = YES;
				CLANG_WARN_OBJC_ROOT_CLASS = YES_ERROR;
				CLANG_WARN_SUSPICIOUS_MOVES = YES;
				CLANG_WARN_UNREACHABLE_CODE = YES;
				CLANG_WARN__DUPLICATE_METHOD_MATCH = YES;
				"CODE_SIGN_IDENTITY[sdk=iphoneos*]" = "iPhone Developer";
				COPY_PHASE_STRIP = NO;
				DEBUG_INFORMATION_FORMAT = dwarf;
				ENABLE_STRICT_OBJC_MSGSEND = YES;
				ENABLE_TESTABILITY = YES;
				GCC_C_LANGUAGE_STANDARD = gnu99;
				GCC_DYNAMIC_NO_PIC = NO;
				GCC_NO_COMMON_BLOCKS = YES;
				GCC_OPTIMIZATION_LEVEL = 0;
				GCC_PREPROCESSOR_DEFINITIONS = (
					"DEBUG=1",
					"$(inherited)",
				);
				GCC_WARN_64_TO_32_BIT_CONVERSION = YES;
				GCC_WARN_ABOUT_RETURN_TYPE = YES_ERROR;
				GCC_WARN_UNDECLARED_SELECTOR = YES;
				GCC_WARN_UNINITIALIZED_AUTOS = YES_AGGRESSIVE;
				GCC_WARN_UNUSED_FUNCTION = YES;
				GCC_WARN_UNUSED_VARIABLE = YES;
				IPHONEOS_DEPLOYMENT_TARGET = 10.1;
				MTL_ENABLE_DEBUG_INFO = YES;
				ONLY_ACTIVE_ARCH = YES;
				SDKROOT = iphoneos;
				SWIFT_ACTIVE_COMPILATION_CONDITIONS = DEBUG;
				SWIFT_OPTIMIZATION_LEVEL = "-Onone";
			};
			name = Debug;
		};
		D5E1EC251E0D06F6004E7D50 /* Release */ = {
			isa = XCBuildConfiguration;
			buildSettings = {
				ALWAYS_SEARCH_USER_PATHS = NO;
				CLANG_ANALYZER_NONNULL = YES;
				CLANG_CXX_LANGUAGE_STANDARD = "gnu++0x";
				CLANG_CXX_LIBRARY = "libc++";
				CLANG_ENABLE_MODULES = YES;
				CLANG_ENABLE_OBJC_ARC = YES;
				CLANG_WARN_BOOL_CONVERSION = YES;
				CLANG_WARN_CONSTANT_CONVERSION = YES;
				CLANG_WARN_DIRECT_OBJC_ISA_USAGE = YES_ERROR;
				CLANG_WARN_DOCUMENTATION_COMMENTS = YES;
				CLANG_WARN_EMPTY_BODY = YES;
				CLANG_WARN_ENUM_CONVERSION = YES;
				CLANG_WARN_INFINITE_RECURSION = YES;
				CLANG_WARN_INT_CONVERSION = YES;
				CLANG_WARN_OBJC_ROOT_CLASS = YES_ERROR;
				CLANG_WARN_SUSPICIOUS_MOVES = YES;
				CLANG_WARN_UNREACHABLE_CODE = YES;
				CLANG_WARN__DUPLICATE_METHOD_MATCH = YES;
				"CODE_SIGN_IDENTITY[sdk=iphoneos*]" = "iPhone Developer";
				COPY_PHASE_STRIP = NO;
				DEBUG_INFORMATION_FORMAT = "dwarf-with-dsym";
				ENABLE_NS_ASSERTIONS = NO;
				ENABLE_STRICT_OBJC_MSGSEND = YES;
				GCC_C_LANGUAGE_STANDARD = gnu99;
				GCC_NO_COMMON_BLOCKS = YES;
				GCC_WARN_64_TO_32_BIT_CONVERSION = YES;
				GCC_WARN_ABOUT_RETURN_TYPE = YES_ERROR;
				GCC_WARN_UNDECLARED_SELECTOR = YES;
				GCC_WARN_UNINITIALIZED_AUTOS = YES_AGGRESSIVE;
				GCC_WARN_UNUSED_FUNCTION = YES;
				GCC_WARN_UNUSED_VARIABLE = YES;
				IPHONEOS_DEPLOYMENT_TARGET = 10.1;
				MTL_ENABLE_DEBUG_INFO = NO;
				SDKROOT = iphoneos;
				SWIFT_OPTIMIZATION_LEVEL = "-Owholemodule";
				VALIDATE_PRODUCT = YES;
			};
			name = Release;
		};
		D5E1EC271E0D06F6004E7D50 /* Debug */ = {
			isa = XCBuildConfiguration;
			buildSettings = {
				ASSETCATALOG_COMPILER_APPICON_NAME = AppIcon;
				INFOPLIST_FILE = Training/Info.plist;
				LD_RUNPATH_SEARCH_PATHS = "$(inherited) @executable_path/Frameworks";
				PRODUCT_BUNDLE_IDENTIFIER = com.pens.training.Training;
				PRODUCT_NAME = "$(TARGET_NAME)";
				SWIFT_VERSION = 3.0;
			};
			name = Debug;
		};
		D5E1EC281E0D06F6004E7D50 /* Release */ = {
			isa = XCBuildConfiguration;
			buildSettings = {
				ASSETCATALOG_COMPILER_APPICON_NAME = AppIcon;
				INFOPLIST_FILE = Training/Info.plist;
				LD_RUNPATH_SEARCH_PATHS = "$(inherited) @executable_path/Frameworks";
				PRODUCT_BUNDLE_IDENTIFIER = com.pens.training.Training;
				PRODUCT_NAME = "$(TARGET_NAME)";
				SWIFT_VERSION = 3.0;
			};
			name = Release;
		};
		D5E1EC2A1E0D06F6004E7D50 /* Debug */ = {
			isa = XCBuildConfiguration;
			buildSettings = {
				ALWAYS_EMBED_SWIFT_STANDARD_LIBRARIES = YES;
				BUNDLE_LOADER = "$(TEST_HOST)";
				INFOPLIST_FILE = TrainingTests/Info.plist;
				LD_RUNPATH_SEARCH_PATHS = "$(inherited) @executable_path/Frameworks @loader_path/Frameworks";
				PRODUCT_BUNDLE_IDENTIFIER = com.pens.training.TrainingTests;
				PRODUCT_NAME = "$(TARGET_NAME)";
				SWIFT_VERSION = 3.0;
				TEST_HOST = "$(BUILT_PRODUCTS_DIR)/Training.app/Training";
			};
			name = Debug;
		};
		D5E1EC2B1E0D06F6004E7D50 /* Release */ = {
			isa = XCBuildConfiguration;
			buildSettings = {
				ALWAYS_EMBED_SWIFT_STANDARD_LIBRARIES = YES;
				BUNDLE_LOADER = "$(TEST_HOST)";
				INFOPLIST_FILE = TrainingTests/Info.plist;
				LD_RUNPATH_SEARCH_PATHS = "$(inherited) @executable_path/Frameworks @loader_path/Frameworks";
				PRODUCT_BUNDLE_IDENTIFIER = com.pens.training.TrainingTests;
				PRODUCT_NAME = "$(TARGET_NAME)";
				SWIFT_VERSION = 3.0;
				TEST_HOST = "$(BUILT_PRODUCTS_DIR)/Training.app/Training";
			};
			name = Release;
		};
		D5E1EC2D1E0D06F6004E7D50 /* Debug */ = {
			isa = XCBuildConfiguration;
			buildSettings = {
				ALWAYS_EMBED_SWIFT_STANDARD_LIBRARIES = YES;
				INFOPLIST_FILE = TrainingUITests/Info.plist;
				LD_RUNPATH_SEARCH_PATHS = "$(inherited) @executable_path/Frameworks @loader_path/Frameworks";
				PRODUCT_BUNDLE_IDENTIFIER = com.pens.training.TrainingUITests;
				PRODUCT_NAME = "$(TARGET_NAME)";
				SWIFT_VERSION = 3.0;
				TEST_TARGET_NAME = Training;
			};
			name = Debug;
		};
		D5E1EC2E1E0D06F6004E7D50 /* Release */ = {
			isa = XCBuildConfiguration;
			buildSettings = {
				ALWAYS_EMBED_SWIFT_STANDARD_LIBRARIES = YES;
				INFOPLIST_FILE = TrainingUITests/Info.plist;
				LD_RUNPATH_SEARCH_PATHS = "$(inherited) @executable_path/Frameworks @loader_path/Frameworks";
				PRODUCT_BUNDLE_IDENTIFIER = com.pens.training.TrainingUITests;
				PRODUCT_NAME = "$(TARGET_NAME)";
				SWIFT_VERSION = 3.0;
				TEST_TARGET_NAME = Training;
			};
			name = Release;
		};
/* End XCBuildConfiguration section */

/* Begin XCConfigurationList section */
		D5E1EBF91E0D06F6004E7D50 /* Build configuration list for PBXProject "Training" */ = {
			isa = XCConfigurationList;
			buildConfigurations = (
				D5E1EC241E0D06F6004E7D50 /* Debug */,
				D5E1EC251E0D06F6004E7D50 /* Release */,
			);
			defaultConfigurationIsVisible = 0;
			defaultConfigurationName = Release;
		};
		D5E1EC261E0D06F6004E7D50 /* Build configuration list for PBXNativeTarget "Training" */ = {
			isa = XCConfigurationList;
			buildConfigurations = (
				D5E1EC271E0D06F6004E7D50 /* Debug */,
				D5E1EC281E0D06F6004E7D50 /* Release */,
			);
			defaultConfigurationIsVisible = 0;
		};
		D5E1EC291E0D06F6004E7D50 /* Build configuration list for PBXNativeTarget "TrainingTests" */ = {
			isa = XCConfigurationList;
			buildConfigurations = (
				D5E1EC2A1E0D06F6004E7D50 /* Debug */,
				D5E1EC2B1E0D06F6004E7D50 /* Release */,
			);
			defaultConfigurationIsVisible = 0;
		};
		D5E1EC2C1E0D06F6004E7D50 /* Build configuration list for PBXNativeTarget "TrainingUITests" */ = {
			isa = XCConfigurationList;
			buildConfigurations = (
				D5E1EC2D1E0D06F6004E7D50 /* Debug */,
				D5E1EC2E1E0D06F6004E7D50 /* Release */,
			);
			defaultConfigurationIsVisible = 0;
		};
/* End XCConfigurationList section */
	};
	rootObject = D5E1EBF61E0D06F6004E7D50 /* Project object */;
}
